<?xml version="1.0" encoding="utf-8"?>
<Project ToolsVersion="4.0" xmlns="http://schemas.microsoft.com/developer/msbuild/2003">
  <ItemGroup>
    <Filter Include="源文件">
      <UniqueIdentifier>{4FC737F1-C7A5-4376-A066-2A32D752A2FF}</UniqueIdentifier>
      <Extensions>cpp;c;cc;cxx;def;odl;idl;hpj;bat;asm;asmx</Extensions>
    </Filter>
    <Filter Include="头文件">
      <UniqueIdentifier>{93995380-89BD-4b04-88EB-625FBE52EBFB}</UniqueIdentifier>
      <Extensions>h;hh;hpp;hxx;hm;inl;inc;ipp;xsd</Extensions>
    </Filter>
    <Filter Include="资源文件">
      <UniqueIdentifier>{67DA6AB6-F800-4c08-8B7A-83BB121AAD01}</UniqueIdentifier>
      <Extensions>rc;ico;cur;bmp;dlg;rc2;rct;bin;rgs;gif;jpg;jpeg;jpe;resx;tiff;tif;png;wav;mfcribbon-ms</Extensions>
    </Filter>
    <Filter Include="源文件\graphics">
      <UniqueIdentifier>{f41a0423-0301-4e1c-b1ee-981af399a6a5}</UniqueIdentifier>
    </Filter>
  </ItemGroup>
  <ItemGroup>
    <ClCompile Include="main.cpp">
      <Filter>源文件</Filter>
    </ClCompile>
    <ClCompile Include="maths\mat4.cpp">
      <Filter>源文件</Filter>
    </ClCompile>
    <ClCompile Include="graphics\buffers\buffer.cpp">
      <Filter>源文件</Filter>
    </ClCompile>
    <ClCompile Include="graphics\buffers\indexbuffer.cpp">
      <Filter>源文件</Filter>
    </ClCompile>
    <ClCompile Include="graphics\buffers\vertexarray.cpp">
      <Filter>源文件</Filter>
    </ClCompile>
    <ClCompile Include="graphics\shader\computshader.cpp">
      <Filter>源文件</Filter>
    </ClCompile>
    <ClCompile Include="graphics\shader\shader.cpp">
      <Filter>源文件</Filter>
    </ClCompile>
    <ClCompile Include="graphics\shader\computebuffer.cpp">
      <Filter>源文件</Filter>
    </ClCompile>
    <ClCompile Include="graphics\shader\graphcisshader.cpp">
      <Filter>源文件</Filter>
    </ClCompile>
    <ClCompile Include="render\Mesh.cpp">
      <Filter>源文件</Filter>
    </ClCompile>
    <ClCompile Include="render\FluidRenderer.cpp">
      <Filter>源文件</Filter>
    </ClCompile>
    <ClCompile Include="particle\particle.cpp">
      <Filter>源文件</Filter>
    </ClCompile>
    <ClCompile Include="particle\particlemanager.cpp">
      <Filter>源文件</Filter>
    </ClCompile>
    <ClCompile Include="particle\particlememorypool.cpp">
      <Filter>源文件</Filter>
    </ClCompile>
    <ClCompile Include="particle\particlemempoolmanager.cpp">
      <Filter>源文件</Filter>
    </ClCompile>
    <ClCompile Include="graphics\buffers\staticbuffer.cpp">
      <Filter>源文件</Filter>
    </ClCompile>
    <ClCompile Include="graphics\buffers\DynamicBuffer.cpp">
      <Filter>源文件</Filter>
    </ClCompile>
    <ClCompile Include="render\particlemesh.cpp">
      <Filter>源文件</Filter>
    </ClCompile>
    <ClCompile Include="particle\particleemitter.cpp">
      <Filter>源文件</Filter>
    </ClCompile>
    <ClCompile Include="utils\timer.cpp">
      <Filter>源文件</Filter>
    </ClCompile>
    <ClCompile Include="engine.cpp">
      <Filter>源文件</Filter>
    </ClCompile>
    <ClCompile Include="render\ParticleRenderer.cpp">
      <Filter>源文件</Filter>
    </ClCompile>
    <ClCompile Include="particle\particlesystem.cpp">
      <Filter>源文件</Filter>
    </ClCompile>
    <ClCompile Include="Asset\AssetLoader.cpp">
      <Filter>源文件</Filter>
    </ClCompile>
    <ClCompile Include="Asset\fbxloader.cpp">
      <Filter>源文件</Filter>
    </ClCompile>
    <ClCompile Include="Asset\objloader.cpp">
      <Filter>源文件</Filter>
    </ClCompile>
    <ClCompile Include="render\skinmeshrender.cpp">
      <Filter>源文件</Filter>
    </ClCompile>
    <ClCompile Include="render\skinmesh.cpp">
      <Filter>源文件</Filter>
    </ClCompile>
    <ClCompile Include="animation\animationmanager.cpp">
      <Filter>源文件</Filter>
    </ClCompile>
    <ClCompile Include="animation\animationlayer.cpp">
      <Filter>源文件</Filter>
    </ClCompile>
    <ClCompile Include="animation\controller.cpp">
      <Filter>源文件</Filter>
    </ClCompile>
    <ClCompile Include="animation\keyvalue.cpp">
      <Filter>源文件</Filter>
    </ClCompile>
    <ClCompile Include="Asset\skeleton.cpp">
      <Filter>源文件</Filter>
    </ClCompile>
    <ClCompile Include="maths\quaternion.cpp">
      <Filter>源文件</Filter>
    </ClCompile>
    <ClCompile Include="render\skeletalmesh.cpp">
      <Filter>源文件</Filter>
    </ClCompile>
    <ClCompile Include="animation\animationstack.cpp">
      <Filter>源文件</Filter>
    </ClCompile>
    <ClCompile Include="animation\Interpolator.cpp">
      <Filter>源文件</Filter>
    </ClCompile>
    <ClCompile Include="utils\container\bitarray.cpp">
      <Filter>源文件</Filter>
    </ClCompile>
    <ClCompile Include="render\OceanRender.cpp">
      <Filter>源文件</Filter>
    </ClCompile>
    <ClCompile Include="render\dynamicmesh.cpp">
      <Filter>源文件</Filter>
    </ClCompile>
    <ClCompile Include="physics\PxObject.cpp">
      <Filter>源文件</Filter>
    </ClCompile>
    <ClCompile Include="physics\PxSoftBody.cpp">
      <Filter>源文件</Filter>
    </ClCompile>
    <ClCompile Include="physics\PxWorld.cpp">
      <Filter>源文件</Filter>
    </ClCompile>
    <ClCompile Include="render\phyxRender.cpp">
      <Filter>源文件</Filter>
    </ClCompile>
    <ClCompile Include="maths\AABox.cpp">
      <Filter>源文件</Filter>
    </ClCompile>
    <ClCompile Include="world\actor.cpp">
      <Filter>源文件</Filter>
    </ClCompile>
    <ClCompile Include="world\scene.cpp">
      <Filter>源文件</Filter>
    </ClCompile>
    <ClCompile Include="Asset\stlloader.cpp">
      <Filter>源文件</Filter>
    </ClCompile>
    <ClCompile Include="world\component\cameracomponent.cpp">
      <Filter>源文件</Filter>
    </ClCompile>
    <ClCompile Include="world\component\transformcomponent.cpp">
      <Filter>源文件</Filter>
    </ClCompile>
    <ClCompile Include="utils\fileutils.cpp">
      <Filter>源文件</Filter>
    </ClCompile>
    <ClCompile Include="utils\file.cpp">
      <Filter>源文件</Filter>
    </ClCompile>
    <ClCompile Include="graphics\texture\texture2d.cpp">
      <Filter>源文件</Filter>
    </ClCompile>
    <ClCompile Include="graphics\texture\rendertexture2d.cpp">
      <Filter>源文件</Filter>
    </ClCompile>
    <ClCompile Include="Asset\imageloader.cpp">
      <Filter>源文件</Filter>
    </ClCompile>
    <ClCompile Include="graphics\texture\rendertexture.cpp">
      <Filter>源文件</Filter>
    </ClCompile>
    <ClCompile Include="graphics\texture\texture.cpp">
      <Filter>源文件</Filter>
    </ClCompile>
    <ClCompile Include="graphics\rendertarget.cpp">
      <Filter>源文件</Filter>
    </ClCompile>
    <ClCompile Include="render\photorenderer.cpp">
      <Filter>源文件</Filter>
    </ClCompile>
    <ClCompile Include="world\component\staticmeshrenderercomponent.cpp">
      <Filter>源文件</Filter>
    </ClCompile>
    <ClCompile Include="render\view.cpp">
      <Filter>源文件</Filter>
    </ClCompile>
    <ClCompile Include="world\component\rigidbodycomponent.cpp">
      <Filter>源文件</Filter>
    </ClCompile>
    <ClCompile Include="world\primitivesceneproxy.cpp">
      <Filter>源文件</Filter>
    </ClCompile>
    <ClCompile Include="gameinstance.cpp">
      <Filter>源文件</Filter>
    </ClCompile>
    <ClCompile Include="physics\PxAABBShape.cpp">
      <Filter>源文件</Filter>
    </ClCompile>
    <ClCompile Include="physics\PxRigidBody.cpp">
      <Filter>源文件</Filter>
    </ClCompile>
    <ClCompile Include="world\component\animationcomponent.cpp">
      <Filter>源文件</Filter>
    </ClCompile>
    <ClCompile Include="physics\CollisionHelper.cpp">
      <Filter>源文件</Filter>
    </ClCompile>
    <ClCompile Include="render\rendermateral.cpp">
      <Filter>源文件</Filter>
    </ClCompile>
    <ClCompile Include="physics\PxShereShape.cpp">
      <Filter>源文件</Filter>
    </ClCompile>
    <ClCompile Include="world\component\scriptcomponent.cpp">
      <Filter>源文件</Filter>
    </ClCompile>
    <ClCompile Include="render\renderpath\shadowpass.cpp">
      <Filter>源文件</Filter>
    </ClCompile>
    <ClCompile Include="render\renderpath\lightpass.cpp">
      <Filter>源文件</Filter>
    </ClCompile>
    <ClCompile Include="render\renderpath\SimpleRenderer.cpp">
      <Filter>源文件</Filter>
    </ClCompile>
    <ClCompile Include="render\renderpath\rendercommand\DrawCommand.cpp">
      <Filter>源文件</Filter>
    </ClCompile>
    <ClCompile Include="render\renderpath\rendercommand\graphicspipeline.cpp">
      <Filter>源文件</Filter>
    </ClCompile>
    <ClCompile Include="world\lightsceneproxy.cpp">
      <Filter>源文件</Filter>
    </ClCompile>
    <ClCompile Include="world\component\lightcomponent.cpp">
      <Filter>源文件</Filter>
    </ClCompile>
    <ClCompile Include="graphics\shader\shaderbinding.cpp">
      <Filter>源文件</Filter>
    </ClCompile>
    <ClCompile Include="render\gamerenderer2.cpp">
      <Filter>源文件</Filter>
    </ClCompile>
    <ClCompile Include="game\game1\box.cpp">
      <Filter>源文件</Filter>
    </ClCompile>
    <ClCompile Include="game\game1\boxcomponent.cpp">
      <Filter>源文件</Filter>
    </ClCompile>
    <ClCompile Include="game\game1\button.cpp">
      <Filter>源文件</Filter>
    </ClCompile>
    <ClCompile Include="game\game1\buttoncomponent.cpp">
      <Filter>源文件</Filter>
    </ClCompile>
    <ClCompile Include="game\game1\door.cpp">
      <Filter>源文件</Filter>
    </ClCompile>
    <ClCompile Include="game\game1\doorcomponent.cpp">
      <Filter>源文件</Filter>
    </ClCompile>
    <ClCompile Include="game\game1\lobby.cpp">
      <Filter>源文件</Filter>
    </ClCompile>
    <ClCompile Include="game\game1\lobby2.cpp">
      <Filter>源文件</Filter>
    </ClCompile>
    <ClCompile Include="game\game1\mygameinstance2.cpp">
      <Filter>源文件</Filter>
    </ClCompile>
    <ClCompile Include="game\game1\playercomponent.cpp">
      <Filter>源文件</Filter>
    </ClCompile>
    <ClCompile Include="game\game1\playercontroller.cpp">
      <Filter>源文件</Filter>
    </ClCompile>
    <ClCompile Include="graphics\buffers\uniformbuffer.cpp">
      <Filter>源文件</Filter>
    </ClCompile>
    <ClCompile Include="game\game3\mygameinstance3.cpp">
      <Filter>源文件</Filter>
    </ClCompile>
    <ClCompile Include="Asset\AssetManager.cpp">
      <Filter>源文件</Filter>
    </ClCompile>
    <ClCompile Include="game\game3\lobby3.cpp">
      <Filter>源文件</Filter>
    </ClCompile>
    <ClCompile Include="game\game3\cameracontroller.cpp">
      <Filter>源文件</Filter>
    </ClCompile>
    <ClCompile Include="render\gamerender3.cpp">
      <Filter>源文件</Filter>
    </ClCompile>
    <ClCompile Include="utils\log.cpp">
      <Filter>源文件</Filter>
    </ClCompile>
    <ClCompile Include="game\game4\lobby4.cpp">
      <Filter>源文件</Filter>
    </ClCompile>
    <ClCompile Include="game\game4\mygameinstance4.cpp">
      <Filter>源文件</Filter>
    </ClCompile>
    <ClCompile Include="game\game5\lobby5.cpp">
      <Filter>源文件</Filter>
    </ClCompile>
    <ClCompile Include="game\game5\mygameinstance5.cpp">
      <Filter>源文件</Filter>
    </ClCompile>
    <ClCompile Include="UI\imgui\backends\imgui_impl_opengl3.cpp">
      <Filter>源文件</Filter>
    </ClCompile>
    <ClCompile Include="graphics\platform\opengl\imguibackend\imgui_impl_opengl3.cpp">
      <Filter>源文件</Filter>
    </ClCompile>
    <ClCompile Include="graphics\window.cpp">
      <Filter>源文件</Filter>
    </ClCompile>
    <ClCompile Include="graphics\platform\imguiWindow.cpp">
      <Filter>源文件</Filter>
    </ClCompile>
  </ItemGroup>
  <ItemGroup>
    <ClInclude Include="maths\vec2.h">
      <Filter>头文件</Filter>
    </ClInclude>
    <ClInclude Include="maths\mat4.h">
      <Filter>头文件</Filter>
    </ClInclude>
    <ClInclude Include="maths\vec3.h">
      <Filter>头文件</Filter>
    </ClInclude>
    <ClInclude Include="utils\fileutils.h">
      <Filter>头文件</Filter>
    </ClInclude>
    <ClInclude Include="graphics\buffers\buffer.h">
      <Filter>头文件</Filter>
    </ClInclude>
    <ClInclude Include="graphics\buffers\indexbuffer.h">
      <Filter>头文件</Filter>
    </ClInclude>
    <ClInclude Include="graphics\buffers\vertexarray.h">
      <Filter>头文件</Filter>
    </ClInclude>
    <ClInclude Include="maths\vec4.h">
      <Filter>头文件</Filter>
    </ClInclude>
    <ClInclude Include="graphics\shader\computeshader.h">
      <Filter>头文件</Filter>
    </ClInclude>
    <ClInclude Include="graphics\shader\shader.h">
      <Filter>头文件</Filter>
    </ClInclude>
    <ClInclude Include="graphics\shader\computebuffer.h">
      <Filter>头文件</Filter>
    </ClInclude>
    <ClInclude Include="graphics\shader\graphicsshader.h">
      <Filter>头文件</Filter>
    </ClInclude>
    <ClInclude Include="graphics\shader\shaderresource.h">
      <Filter>头文件</Filter>
    </ClInclude>
    <ClInclude Include="maths\util.h">
      <Filter>头文件</Filter>
    </ClInclude>
    <ClInclude Include="render\mesh.h">
      <Filter>头文件</Filter>
    </ClInclude>
    <ClInclude Include="render\renderable.h">
      <Filter>头文件</Filter>
    </ClInclude>
    <ClInclude Include="render\FluidRenderer.h">
      <Filter>头文件</Filter>
    </ClInclude>
    <ClInclude Include="particle\Partical.h">
      <Filter>头文件</Filter>
    </ClInclude>
    <ClInclude Include="particle\particalemitter.h">
      <Filter>头文件</Filter>
    </ClInclude>
    <ClInclude Include="particle\particalmanager.h">
      <Filter>头文件</Filter>
    </ClInclude>
    <ClInclude Include="particle\particalmemorypool.h">
      <Filter>头文件</Filter>
    </ClInclude>
    <ClInclude Include="particle\particalmempoolmanager.h">
      <Filter>头文件</Filter>
    </ClInclude>
    <ClInclude Include="particle\particalsystem.h">
      <Filter>头文件</Filter>
    </ClInclude>
    <ClInclude Include="render\dynamicmesh.h">
      <Filter>头文件</Filter>
    </ClInclude>
    <ClInclude Include="particle\Particle.h">
      <Filter>头文件</Filter>
    </ClInclude>
    <ClInclude Include="particle\particleemitter.h">
      <Filter>头文件</Filter>
    </ClInclude>
    <ClInclude Include="particle\particlemanager.h">
      <Filter>头文件</Filter>
    </ClInclude>
    <ClInclude Include="particle\particlememorypool.h">
      <Filter>头文件</Filter>
    </ClInclude>
    <ClInclude Include="particle\particlemempoolmanager.h">
      <Filter>头文件</Filter>
    </ClInclude>
    <ClInclude Include="graphics\buffers\staticbuffer.h">
      <Filter>头文件</Filter>
    </ClInclude>
    <ClInclude Include="graphics\buffers\DynamicBuffer.h">
      <Filter>头文件</Filter>
    </ClInclude>
    <ClInclude Include="render\particlemesh.h">
      <Filter>头文件</Filter>
    </ClInclude>
    <ClInclude Include="particle\particlesystem.h">
      <Filter>头文件</Filter>
    </ClInclude>
    <ClInclude Include="utils\timer.h">
      <Filter>头文件</Filter>
    </ClInclude>
    <ClInclude Include="engine.h">
      <Filter>头文件</Filter>
    </ClInclude>
    <ClInclude Include="render\ParticleRenderer.h">
      <Filter>头文件</Filter>
    </ClInclude>
    <ClInclude Include="render\particlemeshhpass.h">
      <Filter>头文件</Filter>
    </ClInclude>
    <ClInclude Include="utils\random.h">
      <Filter>头文件</Filter>
    </ClInclude>
    <ClInclude Include="Asset\AssetLoader.h">
      <Filter>头文件</Filter>
    </ClInclude>
    <ClInclude Include="Asset\fbxloader.h">
      <Filter>头文件</Filter>
    </ClInclude>
    <ClInclude Include="Asset\meshloader.h">
      <Filter>头文件</Filter>
    </ClInclude>
    <ClInclude Include="Asset\objloader.h">
      <Filter>头文件</Filter>
    </ClInclude>
    <ClInclude Include="Asset\rawmesh.h">
      <Filter>头文件</Filter>
    </ClInclude>
    <ClInclude Include="Asset\rawskinmesh.h">
      <Filter>头文件</Filter>
    </ClInclude>
    <ClInclude Include="global.h">
      <Filter>头文件</Filter>
    </ClInclude>
    <ClInclude Include="render\skinmesh.h">
      <Filter>头文件</Filter>
    </ClInclude>
    <ClInclude Include="render\skinmeshrenderer.h">
      <Filter>头文件</Filter>
    </ClInclude>
    <ClInclude Include="render\skeletalmesh.h">
      <Filter>头文件</Filter>
    </ClInclude>
    <ClInclude Include="animation\animationstate.h">
      <Filter>头文件</Filter>
    </ClInclude>
    <ClInclude Include="Asset\AssetManager.h">
      <Filter>头文件</Filter>
    </ClInclude>
    <ClInclude Include="Asset\skeleton.h">
      <Filter>头文件</Filter>
    </ClInclude>
    <ClInclude Include="Asset\skeletalpose.h">
      <Filter>头文件</Filter>
    </ClInclude>
    <ClInclude Include="animation\animationmanager.h">
      <Filter>头文件</Filter>
    </ClInclude>
    <ClInclude Include="animation\Interpolator.h">
      <Filter>头文件</Filter>
    </ClInclude>
    <ClInclude Include="animation\animationlayer.h">
      <Filter>头文件</Filter>
    </ClInclude>
    <ClInclude Include="animation\controller.h">
      <Filter>头文件</Filter>
    </ClInclude>
    <ClInclude Include="animation\propertygroup.h">
      <Filter>头文件</Filter>
    </ClInclude>
    <ClInclude Include="animation\keyvalue.h">
      <Filter>头文件</Filter>
    </ClInclude>
    <ClInclude Include="animation\keyvaluenode.h">
      <Filter>头文件</Filter>
    </ClInclude>
    <ClInclude Include="animation\property.h">
      <Filter>头文件</Filter>
    </ClInclude>
    <ClInclude Include="maths\quaternion.h">
      <Filter>头文件</Filter>
    </ClInclude>
    <ClInclude Include="animation\animationstack.h">
      <Filter>头文件</Filter>
    </ClInclude>
    <ClInclude Include="render\View.h">
      <Filter>头文件</Filter>
    </ClInclude>
    <ClInclude Include="utils\container\bitarray.h">
      <Filter>头文件</Filter>
    </ClInclude>
    <ClInclude Include="world\scene.h">
      <Filter>头文件</Filter>
    </ClInclude>
    <ClInclude Include="world\ecs\entity.h">
      <Filter>头文件</Filter>
    </ClInclude>
    <ClInclude Include="world\ecs\system.h">
      <Filter>头文件</Filter>
    </ClInclude>
    <ClInclude Include="render\OceanRender.h">
      <Filter>头文件</Filter>
    </ClInclude>
    <ClInclude Include="physics\PxMassSpringSimulator.h">
      <Filter>头文件</Filter>
    </ClInclude>
    <ClInclude Include="physics\PxObject.h">
      <Filter>头文件</Filter>
    </ClInclude>
    <ClInclude Include="physics\PxRigidBody.h">
      <Filter>头文件</Filter>
    </ClInclude>
    <ClInclude Include="physics\PxSimulator.h">
      <Filter>头文件</Filter>
    </ClInclude>
    <ClInclude Include="physics\PxSoftBody.h">
      <Filter>头文件</Filter>
    </ClInclude>
    <ClInclude Include="physics\PxWorld.h">
      <Filter>头文件</Filter>
    </ClInclude>
    <ClInclude Include="render\phyxRender.h">
      <Filter>头文件</Filter>
    </ClInclude>
    <ClInclude Include="maths\AABox.h">
      <Filter>头文件</Filter>
    </ClInclude>
    <ClInclude Include="world\Cube.h">
      <Filter>头文件</Filter>
    </ClInclude>
    <ClInclude Include="world\actor.h">
      <Filter>头文件</Filter>
    </ClInclude>
    <ClInclude Include="world\camera.h">
      <Filter>头文件</Filter>
    </ClInclude>
    <ClInclude Include="Asset\stlloader.h">
      <Filter>头文件</Filter>
    </ClInclude>
    <ClInclude Include="Asset\imagedata.h">
      <Filter>头文件</Filter>
    </ClInclude>
    <ClInclude Include="Asset\imageloader.h">
      <Filter>头文件</Filter>
    </ClInclude>
    <ClInclude Include="Asset\stb_image.h">
      <Filter>头文件</Filter>
    </ClInclude>
    <ClInclude Include="graphics\texture\rendertexture.h">
      <Filter>头文件</Filter>
    </ClInclude>
    <ClInclude Include="graphics\texture\texture.h">
      <Filter>头文件</Filter>
    </ClInclude>
    <ClInclude Include="graphics\texture\texture2d.h">
      <Filter>头文件</Filter>
    </ClInclude>
    <ClInclude Include="world\component\transformcomponent.h">
      <Filter>头文件</Filter>
    </ClInclude>
    <ClInclude Include="world\component\cameracomponent.h">
      <Filter>头文件</Filter>
    </ClInclude>
    <ClInclude Include="world\component\component.h">
      <Filter>头文件</Filter>
    </ClInclude>
    <ClInclude Include="core\spobject.h">
      <Filter>头文件</Filter>
    </ClInclude>
    <ClInclude Include="graphics\rendertarget.h">
      <Filter>头文件</Filter>
    </ClInclude>
    <ClInclude Include="utils\File.h">
      <Filter>头文件</Filter>
    </ClInclude>
    <ClInclude Include="graphics\texture\sampler.h">
      <Filter>头文件</Filter>
    </ClInclude>
    <ClInclude Include="graphics\texture\rendertexture2d.h">
      <Filter>头文件</Filter>
    </ClInclude>
    <ClInclude Include="Asset\stb_image_write.h">
      <Filter>头文件</Filter>
    </ClInclude>
    <ClInclude Include="miniheader.h">
      <Filter>头文件</Filter>
    </ClInclude>
    <ClInclude Include="render\photorenderer.h">
      <Filter>头文件</Filter>
    </ClInclude>
    <ClInclude Include="world\component\staticmeshrenderercomponent.h">
      <Filter>头文件</Filter>
    </ClInclude>
    <ClInclude Include="render\renderpath\SceneRenderer.h">
      <Filter>头文件</Filter>
    </ClInclude>
    <ClInclude Include="render\renderpath\SimpleRenderer.h">
      <Filter>头文件</Filter>
    </ClInclude>
    <ClInclude Include="world\component\staticmesh.h">
      <Filter>头文件</Filter>
    </ClInclude>
    <ClInclude Include="graphics\errorreport.h">
      <Filter>头文件</Filter>
    </ClInclude>
    <ClInclude Include="world\component\rigidbodycomponent.h">
      <Filter>头文件</Filter>
    </ClInclude>
    <ClInclude Include="world\PrimitiveSceneProxy.h">
      <Filter>头文件</Filter>
    </ClInclude>
    <ClInclude Include="world\SceneProxy.h">
      <Filter>头文件</Filter>
    </ClInclude>
    <ClInclude Include="gameinstance.h">
      <Filter>头文件</Filter>
    </ClInclude>
    <ClInclude Include="world\component\inputcomponent.h">
      <Filter>头文件</Filter>
    </ClInclude>
    <ClInclude Include="world\component\scriptcomponent.h">
      <Filter>头文件</Filter>
    </ClInclude>
    <ClInclude Include="physics\pxShape.h">
      <Filter>头文件</Filter>
    </ClInclude>
    <ClInclude Include="physics\PxAABBShape.h">
      <Filter>头文件</Filter>
    </ClInclude>
    <ClInclude Include="physics\CollisionHelper.h">
      <Filter>头文件</Filter>
    </ClInclude>
    <ClInclude Include="shaders\toon.vert">
      <Filter>头文件</Filter>
    </ClInclude>
    <ClInclude Include="shaders\toon.frag">
      <Filter>头文件</Filter>
    </ClInclude>
    <ClInclude Include="world\component\controller.h">
      <Filter>头文件</Filter>
    </ClInclude>
    <ClInclude Include="world\component\animationcomponent.h">
      <Filter>头文件</Filter>
    </ClInclude>
    <ClInclude Include="Asset\material.h">
      <Filter>头文件</Filter>
    </ClInclude>
    <ClInclude Include="render\rendermaterial.h">
      <Filter>头文件</Filter>
    </ClInclude>
    <ClInclude Include="physics\PxShpereShape.h">
      <Filter>头文件</Filter>
    </ClInclude>
    <ClInclude Include="maths\sphere.h">
      <Filter>头文件</Filter>
    </ClInclude>
    <ClInclude Include="world\component\fxcomponent.h">
      <Filter>头文件</Filter>
    </ClInclude>
    <ClInclude Include="render\renderpath\shadowpass.h">
      <Filter>头文件</Filter>
    </ClInclude>
    <ClInclude Include="render\renderpath\pass.h">
      <Filter>头文件</Filter>
    </ClInclude>
    <ClInclude Include="render\renderpath\lightpass.h">
      <Filter>头文件</Filter>
    </ClInclude>
    <ClInclude Include="graphics\graphicpiplinestate.h">
      <Filter>头文件</Filter>
    </ClInclude>
    <ClInclude Include="render\renderpath\rendercommand\DrawCommand.h">
      <Filter>头文件</Filter>
    </ClInclude>
    <ClInclude Include="world\lightsceneproxy.h">
      <Filter>头文件</Filter>
    </ClInclude>
    <ClInclude Include="world\component\lightcomponent.h">
      <Filter>头文件</Filter>
    </ClInclude>
    <ClInclude Include="graphics\shader\shaderbinding.h">
      <Filter>头文件</Filter>
    </ClInclude>
    <ClInclude Include="render\gamerenderer2.h">
      <Filter>头文件</Filter>
    </ClInclude>
    <ClInclude Include="game\game1\box.h">
      <Filter>头文件</Filter>
    </ClInclude>
    <ClInclude Include="game\game1\boxcomponent.h">
      <Filter>头文件</Filter>
    </ClInclude>
    <ClInclude Include="game\game1\button.h">
      <Filter>头文件</Filter>
    </ClInclude>
    <ClInclude Include="game\game1\buttoncomponent.h">
      <Filter>头文件</Filter>
    </ClInclude>
    <ClInclude Include="game\game1\door.h">
      <Filter>头文件</Filter>
    </ClInclude>
    <ClInclude Include="game\game1\doorcomponent.h">
      <Filter>头文件</Filter>
    </ClInclude>
    <ClInclude Include="game\game1\lobby.h">
      <Filter>头文件</Filter>
    </ClInclude>
    <ClInclude Include="game\game1\lobby2.h">
      <Filter>头文件</Filter>
    </ClInclude>
    <ClInclude Include="game\game1\mygameInstance2.h">
      <Filter>头文件</Filter>
    </ClInclude>
    <ClInclude Include="game\game1\player.h">
      <Filter>头文件</Filter>
    </ClInclude>
    <ClInclude Include="game\game1\Playercomponent.h">
      <Filter>头文件</Filter>
    </ClInclude>
    <ClInclude Include="game\game1\playercontroller.h">
      <Filter>头文件</Filter>
    </ClInclude>
    <ClInclude Include="graphics\buffers\uniformbuffer.h">
      <Filter>头文件</Filter>
    </ClInclude>
    <ClInclude Include="render\renderpath\shaderresource\shaderparameter.h">
      <Filter>头文件</Filter>
    </ClInclude>
    <ClInclude Include="render\renderpath\vertexfactory\vertexfactory.h">
      <Filter>头文件</Filter>
    </ClInclude>
    <ClInclude Include="game\game3\mygameInstance3.h">
      <Filter>头文件</Filter>
    </ClInclude>
    <ClInclude Include="Asset\asset.h">
      <Filter>头文件</Filter>
    </ClInclude>
    <ClInclude Include="game\game3\lobby3.h">
      <Filter>头文件</Filter>
    </ClInclude>
    <ClInclude Include="game\game3\map.h">
      <Filter>头文件</Filter>
    </ClInclude>
    <ClInclude Include="game\game3\cameracontroller.h">
      <Filter>头文件</Filter>
    </ClInclude>
    <ClInclude Include="render\gamerender3.h">
      <Filter>头文件</Filter>
    </ClInclude>
    <ClInclude Include="utils\log.h">
      <Filter>头文件</Filter>
    </ClInclude>
    <ClInclude Include="game\game4\lobby4.h">
      <Filter>头文件</Filter>
    </ClInclude>
    <ClInclude Include="game\game4\mygameInstance4.h">
      <Filter>头文件</Filter>
    </ClInclude>
    <ClInclude Include="core\object.h">
      <Filter>头文件</Filter>
    </ClInclude>
    <ClInclude Include="game\game5\lobby5.h">
      <Filter>头文件</Filter>
    </ClInclude>
    <ClInclude Include="game\game5\mygameinstance5.h">
      <Filter>头文件</Filter>
    </ClInclude>
    <ClInclude Include="UI\imgui\backends\imgui_impl_opengl3.h">
      <Filter>头文件</Filter>
    </ClInclude>
    <ClInclude Include="graphics\platform\opengl\imguibackend\imgui_impl_opengl3.h">
      <Filter>头文件</Filter>
    </ClInclude>
    <ClInclude Include="utils\delegate.h">
      <Filter>头文件</Filter>
    </ClInclude>
    <ClInclude Include="core\event.h">
      <Filter>头文件</Filter>
    </ClInclude>
    <ClInclude Include="utils\DelegateList.h">
      <Filter>头文件</Filter>
    </ClInclude>
    <ClInclude Include="utils\DelegateTemplate.h">
      <Filter>头文件</Filter>
    </ClInclude>
    <ClInclude Include="graphics\platform\glwindow.h">
      <Filter>头文件</Filter>
    </ClInclude>
    <ClInclude Include="graphics\window.h">
      <Filter>头文件</Filter>
    </ClInclude>
    <ClInclude Include="graphics\platform\imguiWindow.h">
      <Filter>头文件</Filter>
    </ClInclude>
  </ItemGroup>
  <ItemGroup>
    <None Include="shaders\particle.vert" />
    <None Include="shaders\particle.frag" />
    <None Include="shaders\ApplyAdvection.comp" />
    <None Include="shaders\ApplyAdvectionVelocity.comp" />
    <None Include="shaders\ApplyBuoyancy.comp" />
    <None Include="shaders\ApplyImpulse.comp" />
    <None Include="shaders\ComputeConfinement.comp" />
    <None Include="shaders\ComputeDivergence.comp" />
    <None Include="shaders\ComputeJacobi.comp" />
    <None Include="shaders\ComputeObstacles.comp" />
    <None Include="shaders\ComputeProjection.comp" />
    <None Include="shaders\ComputeVorticity.comp" />
    <None Include="shaders\generate-spirv.bat">
      <Filter>源文件</Filter>
    </None>
    <None Include="shaders\SmokeRayCast.frag" />
    <None Include="shaders\SmokeRayCast.vert" />
    <None Include="shaders\skinmesh.frag" />
    <None Include="shaders\skinmesh.vert" />
    <None Include="animation\keyvalue.inl">
      <Filter>头文件</Filter>
    </None>
    <None Include="maths\vec2.inl">
      <Filter>头文件</Filter>
    </None>
    <None Include="shaders\depth.frag" />
    <None Include="shaders\depth.vert" />
    <None Include="shaders\test.frag" />
    <None Include="shaders\test.vert" />
    <None Include="shaders\texturelight.frag" />
    <None Include="shaders\texturelight.vert" />
  </ItemGroup>
</Project>